# This file was autogenerated by Stack.
# You should not edit this file by hand.
# For more information, please see the documentation at:
#   https://docs.haskellstack.org/en/stable/lock_files

packages: []
snapshots:
- completed:
    size: 531498
    url: https://raw.githubusercontent.com/commercialhaskell/stackage-snapshots/master/nightly/2020/9/19.yaml
    sha256: e39020cba3f67726df5d467ee7ddda6887f4be3a07fe3ece0eb2bdef801138c3
  original: nightly-2020-09-19
