# This file was autogenerated by Stack.
# You should not edit this file by hand.
# For more information, please see the documentation at:
#   https://docs.haskellstack.org/en/stable/lock_files

packages:
- completed:
    hackage: aeson-2.0.2.0@sha256:bb41f39762d6f755431097ce0fa88d817108036e7f1c1ec06fd5990230860c76,6343
    pantry-tree:
      size: 37910
      sha256: 5303edc2f9516c7999c21fbfb218ad180dd91c2ceea570f8bc54818ea9ec1692
  original:
    hackage: aeson-2.0.2.0
- completed:
    hackage: flow-2.0.0.0@sha256:6b26c15294239232dd7feec86529cb9490234f7c68066a049018cff9af642269,1339
    pantry-tree:
      size: 355
      sha256: ac8f27ccde19144440dda085da83344c67778ab915d4481b420137b5488e4203
  original:
    hackage: flow-2.0.0.0
snapshots:
- completed:
    size: 621066
    url: https://raw.githubusercontent.com/commercialhaskell/stackage-snapshots/master/nightly/2021/12/26.yaml
    sha256: b0ce4f7d53851f1e875b52df2a8a20d77c65883d8350b997580ded88eec0a4b2
  original: nightly-2021-12-26
